
Microsoft Visual Studio Solution File, Format Version 12.00
# Visual Studio Version 17
VisualStudioVersion = 17.10.35201.131
MinimumVisualStudioVersion = 10.0.40219.1
Project("{9A19103F-16F7-4668-BE54-9A1E7A4F7556}") = "Hackathon2025", "Hackathon2025.csproj", "{89507C95-39D8-4194-B613-980225ADF174}"
EndProject
Global
	GlobalSection(SolutionConfigurationPlatforms) = preSolution
		Debug|Any CPU = Debug|Any CPU
		Release|Any CPU = Release|Any CPU
	EndGlobalSection
	GlobalSection(ProjectConfigurationPlatforms) = postSolution
		{89507C95-39D8-4194-B613-980225ADF174}.Debug|Any CPU.ActiveCfg = Debug|Any CPU
		{89507C95-39D8-4194-B613-980225ADF174}.Debug|Any CPU.Build.0 = Debug|Any CPU
		{89507C95-39D8-4194-B613-980225ADF174}.Release|Any CPU.ActiveCfg = Release|Any CPU
		{89507C95-39D8-4194-B613-980225ADF174}.Release|Any CPU.Build.0 = Release|Any CPU
	EndGlobalSection
	GlobalSection(SolutionProperties) = preSolution
		HideSolutionNode = FALSE
	EndGlobalSection
	GlobalSection(ExtensibilityGlobals) = postSolution
		SolutionGuid = {0DE27527-1EC1-4AE7-8399-CBD28EA013AF}
	EndGlobalSection
EndGlobal
